// !$*UTF8*$!
{
	archiveVersion = 1;
	classes = {
	};
	objectVersion = 50;
	objects = {

/* Begin PBXBuildFile section */
		C02C21DA22A2D9BD003D830B /* AppDelegate.swift in Sources */ = {isa = PBXBuildFile; fileRef = C02C21D922A2D9BD003D830B /* AppDelegate.swift */; };
		C02C21DF22A2D9BD003D830B /* Main.storyboard in Resources */ = {isa = PBXBuildFile; fileRef = C02C21DD22A2D9BD003D830B /* Main.storyboard */; };
		C02C21E122A2D9C0003D830B /* Assets.xcassets in Resources */ = {isa = PBXBuildFile; fileRef = C02C21E022A2D9C0003D830B /* Assets.xcassets */; };
		C02C21E422A2D9C0003D830B /* LaunchScreen.storyboard in Resources */ = {isa = PBXBuildFile; fileRef = C02C21E222A2D9C0003D830B /* LaunchScreen.storyboard */; };
		C02C21F022A2DC51003D830B /* Pokemon.swift in Sources */ = {isa = PBXBuildFile; fileRef = C02C21EF22A2DC51003D830B /* Pokemon.swift */; };
		C02C21F222A2E292003D830B /* PokemonController.swift in Sources */ = {isa = PBXBuildFile; fileRef = C02C21F122A2E292003D830B /* PokemonController.swift */; };
		C02C21F422A2F148003D830B /* PokemonTableViewController.swift in Sources */ = {isa = PBXBuildFile; fileRef = C02C21F322A2F148003D830B /* PokemonTableViewController.swift */; };
		C02C21F622A2F15E003D830B /* SearchViewController.swift in Sources */ = {isa = PBXBuildFile; fileRef = C02C21F522A2F15E003D830B /* SearchViewController.swift */; };
/* End PBXBuildFile section */

/* Begin PBXFileReference section */
		C02C21D622A2D9BD003D830B /* Sprint3Challenge-Pokedex.app */ = {isa = PBXFileReference; explicitFileType = wrapper.application; includeInIndex = 0; path = "Sprint3Challenge-Pokedex.app"; sourceTree = BUILT_PRODUCTS_DIR; };
		C02C21D922A2D9BD003D830B /* AppDelegate.swift */ = {isa = PBXFileReference; lastKnownFileType = sourcecode.swift; path = AppDelegate.swift; sourceTree = "<group>"; };
		C02C21DE22A2D9BD003D830B /* Base */ = {isa = PBXFileReference; lastKnownFileType = file.storyboard; name = Base; path = Base.lproj/Main.storyboard; sourceTree = "<group>"; };
		C02C21E022A2D9C0003D830B /* Assets.xcassets */ = {isa = PBXFileReference; lastKnownFileType = folder.assetcatalog; path = Assets.xcassets; sourceTree = "<group>"; };
		C02C21E322A2D9C0003D830B /* Base */ = {isa = PBXFileReference; lastKnownFileType = file.storyboard; name = Base; path = Base.lproj/LaunchScreen.storyboard; sourceTree = "<group>"; };
		C02C21E522A2D9C0003D830B /* Info.plist */ = {isa = PBXFileReference; lastKnownFileType = text.plist.xml; path = Info.plist; sourceTree = "<group>"; };
		C02C21EF22A2DC51003D830B /* Pokemon.swift */ = {isa = PBXFileReference; lastKnownFileType = sourcecode.swift; path = Pokemon.swift; sourceTree = "<group>"; };
		C02C21F122A2E292003D830B /* PokemonController.swift */ = {isa = PBXFileReference; lastKnownFileType = sourcecode.swift; path = PokemonController.swift; sourceTree = "<group>"; };
		C02C21F322A2F148003D830B /* PokemonTableViewController.swift */ = {isa = PBXFileReference; lastKnownFileType = sourcecode.swift; path = PokemonTableViewController.swift; sourceTree = "<group>"; };
		C02C21F522A2F15E003D830B /* SearchViewController.swift */ = {isa = PBXFileReference; lastKnownFileType = sourcecode.swift; path = SearchViewController.swift; sourceTree = "<group>"; };
/* End PBXFileReference section */

/* Begin PBXFrameworksBuildPhase section */
		C02C21D322A2D9BD003D830B /* Frameworks */ = {
			isa = PBXFrameworksBuildPhase;
			buildActionMask = 2147483647;
			files = (
			);
			runOnlyForDeploymentPostprocessing = 0;
		};
/* End PBXFrameworksBuildPhase section */

/* Begin PBXGroup section */
		C02C21CD22A2D9BD003D830B = {
			isa = PBXGroup;
			children = (
				C02C21D822A2D9BD003D830B /* Sprint3Challenge-Pokedex */,
				C02C21D722A2D9BD003D830B /* Products */,
			);
			sourceTree = "<group>";
		};
		C02C21D722A2D9BD003D830B /* Products */ = {
			isa = PBXGroup;
			children = (
				C02C21D622A2D9BD003D830B /* Sprint3Challenge-Pokedex.app */,
			);
			name = Products;
			sourceTree = "<group>";
		};
		C02C21D822A2D9BD003D830B /* Sprint3Challenge-Pokedex */ = {
			isa = PBXGroup;
			children = (
				C02C21ED22A2DB8E003D830B /* View Controllers */,
				C02C21EC22A2DB83003D830B /* Model Controllers */,
				C02C21EB22A2DB7A003D830B /* Models */,
				C02C21EE22A2DB97003D830B /* Resources */,
			);
			path = "Sprint3Challenge-Pokedex";
			sourceTree = "<group>";
		};
		C02C21EB22A2DB7A003D830B /* Models */ = {
			isa = PBXGroup;
			children = (
				C02C21EF22A2DC51003D830B /* Pokemon.swift */,
			);
			path = Models;
			sourceTree = "<group>";
		};
		C02C21EC22A2DB83003D830B /* Model Controllers */ = {
			isa = PBXGroup;
			children = (
				C02C21F122A2E292003D830B /* PokemonController.swift */,
			);
			path = "Model Controllers";
			sourceTree = "<group>";
		};
		C02C21ED22A2DB8E003D830B /* View Controllers */ = {
			isa = PBXGroup;
			children = (
				C02C21F322A2F148003D830B /* PokemonTableViewController.swift */,
				C02C21F522A2F15E003D830B /* SearchViewController.swift */,
			);
			path = "View Controllers";
			sourceTree = "<group>";
		};
		C02C21EE22A2DB97003D830B /* Resources */ = {
			isa = PBXGroup;
			children = (
				C02C21DD22A2D9BD003D830B /* Main.storyboard */,
				C02C21D922A2D9BD003D830B /* AppDelegate.swift */,
				C02C21E022A2D9C0003D830B /* Assets.xcassets */,
				C02C21E222A2D9C0003D830B /* LaunchScreen.storyboard */,
				C02C21E522A2D9C0003D830B /* Info.plist */,
			);
			path = Resources;
			sourceTree = "<group>";
		};
/* End PBXGroup section */

/* Begin PBXNativeTarget section */
		C02C21D522A2D9BD003D830B /* Sprint3Challenge-Pokedex */ = {
			isa = PBXNativeTarget;
			buildConfigurationList = C02C21E822A2D9C0003D830B /* Build configuration list for PBXNativeTarget "Sprint3Challenge-Pokedex" */;
			buildPhases = (
				C02C21D222A2D9BD003D830B /* Sources */,
				C02C21D322A2D9BD003D830B /* Frameworks */,
				C02C21D422A2D9BD003D830B /* Resources */,
			);
			buildRules = (
			);
			dependencies = (
			);
			name = "Sprint3Challenge-Pokedex";
			productName = "Sprint3Challenge-Pokedex";
			productReference = C02C21D622A2D9BD003D830B /* Sprint3Challenge-Pokedex.app */;
			productType = "com.apple.product-type.application";
		};
/* End PBXNativeTarget section */

/* Begin PBXProject section */
		C02C21CE22A2D9BD003D830B /* Project object */ = {
			isa = PBXProject;
			attributes = {
				LastSwiftUpdateCheck = 1020;
				LastUpgradeCheck = 1020;
				ORGANIZATIONNAME = morse;
				TargetAttributes = {
					C02C21D522A2D9BD003D830B = {
						CreatedOnToolsVersion = 10.2.1;
					};
				};
			};
			buildConfigurationList = C02C21D122A2D9BD003D830B /* Build configuration list for PBXProject "Sprint3Challenge-Pokedex" */;
			compatibilityVersion = "Xcode 9.3";
			developmentRegion = en;
			hasScannedForEncodings = 0;
			knownRegions = (
				en,
				Base,
			);
			mainGroup = C02C21CD22A2D9BD003D830B;
			productRefGroup = C02C21D722A2D9BD003D830B /* Products */;
			projectDirPath = "";
			projectRoot = "";
			targets = (
				C02C21D522A2D9BD003D830B /* Sprint3Challenge-Pokedex */,
			);
		};
/* End PBXProject section */

/* Begin PBXResourcesBuildPhase section */
		C02C21D422A2D9BD003D830B /* Resources */ = {
			isa = PBXResourcesBuildPhase;
			buildActionMask = 2147483647;
			files = (
				C02C21E422A2D9C0003D830B /* LaunchScreen.storyboard in Resources */,
				C02C21E122A2D9C0003D830B /* Assets.xcassets in Resources */,
				C02C21DF22A2D9BD003D830B /* Main.storyboard in Resources */,
			);
			runOnlyForDeploymentPostprocessing = 0;
		};
/* End PBXResourcesBuildPhase section */

/* Begin PBXSourcesBuildPhase section */
		C02C21D222A2D9BD003D830B /* Sources */ = {
			isa = PBXSourcesBuildPhase;
			buildActionMask = 2147483647;
			files = (
				C02C21F622A2F15E003D830B /* SearchViewController.swift in Sources */,
				C02C21DA22A2D9BD003D830B /* AppDelegate.swift in Sources */,
				C02C21F222A2E292003D830B /* PokemonController.swift in Sources */,
				C02C21F422A2F148003D830B /* PokemonTableViewController.swift in Sources */,
				C02C21F022A2DC51003D830B /* Pokemon.swift in Sources */,
			);
			runOnlyForDeploymentPostprocessing = 0;
		};
/* End PBXSourcesBuildPhase section */

/* Begin PBXVariantGroup section */
		C02C21DD22A2D9BD003D830B /* Main.storyboard */ = {
			isa = PBXVariantGroup;
			children = (
				C02C21DE22A2D9BD003D830B /* Base */,
			);
			name = Main.storyboard;
			sourceTree = "<group>";
		};
		C02C21E222A2D9C0003D830B /* LaunchScreen.storyboard */ = {
			isa = PBXVariantGroup;
			children = (
				C02C21E322A2D9C0003D830B /* Base */,
			);
			name = LaunchScreen.storyboard;
			sourceTree = "<group>";
		};
/* End PBXVariantGroup section */

/* Begin XCBuildConfiguration section */
		C02C21E622A2D9C0003D830B /* Debug */ = {
			isa = XCBuildConfiguration;
			buildSettings = {
				ALWAYS_SEARCH_USER_PATHS = NO;
				CLANG_ANALYZER_NONNULL = YES;
				CLANG_ANALYZER_NUMBER_OBJECT_CONVERSION = YES_AGGRESSIVE;
				CLANG_CXX_LANGUAGE_STANDARD = "gnu++14";
				CLANG_CXX_LIBRARY = "libc++";
				CLANG_ENABLE_MODULES = YES;
				CLANG_ENABLE_OBJC_ARC = YES;
				CLANG_ENABLE_OBJC_WEAK = YES;
				CLANG_WARN_BLOCK_CAPTURE_AUTORELEASING = YES;
				CLANG_WARN_BOOL_CONVERSION = YES;
				CLANG_WARN_COMMA = YES;
				CLANG_WARN_CONSTANT_CONVERSION = YES;
				CLANG_WARN_DEPRECATED_OBJC_IMPLEMENTATIONS = YES;
				CLANG_WARN_DIRECT_OBJC_ISA_USAGE = YES_ERROR;
				CLANG_WARN_DOCUMENTATION_COMMENTS = YES;
				CLANG_WARN_EMPTY_BODY = YES;
				CLANG_WARN_ENUM_CONVERSION = YES;
				CLANG_WARN_INFINITE_RECURSION = YES;
				CLANG_WARN_INT_CONVERSION = YES;
				CLANG_WARN_NON_LITERAL_NULL_CONVERSION = YES;
				CLANG_WARN_OBJC_IMPLICIT_RETAIN_SELF = YES;
				CLANG_WARN_OBJC_LITERAL_CONVERSION = YES;
				CLANG_WARN_OBJC_ROOT_CLASS = YES_ERROR;
				CLANG_WARN_RANGE_LOOP_ANALYSIS = YES;
				CLANG_WARN_STRICT_PROTOTYPES = YES;
				CLANG_WARN_SUSPICIOUS_MOVE = YES;
				CLANG_WARN_UNGUARDED_AVAILABILITY = YES_AGGRESSIVE;
				CLANG_WARN_UNREACHABLE_CODE = YES;
				CLANG_WARN__DUPLICATE_METHOD_MATCH = YES;
				CODE_SIGN_IDENTITY = "iPhone Developer";
				COPY_PHASE_STRIP = NO;
				DEBUG_INFORMATION_FORMAT = dwarf;
				ENABLE_STRICT_OBJC_MSGSEND = YES;
				ENABLE_TESTABILITY = YES;
				GCC_C_LANGUAGE_STANDARD = gnu11;
				GCC_DYNAMIC_NO_PIC = NO;
				GCC_NO_COMMON_BLOCKS = YES;
				GCC_OPTIMIZATION_LEVEL = 0;
				GCC_PREPROCESSOR_DEFINITIONS = (
					"DEBUG=1",
					"$(inherited)",
				);
				GCC_WARN_64_TO_32_BIT_CONVERSION = YES;
				GCC_WARN_ABOUT_RETURN_TYPE = YES_ERROR;
				GCC_WARN_UNDECLARED_SELECTOR = YES;
				GCC_WARN_UNINITIALIZED_AUTOS = YES_AGGRESSIVE;
				GCC_WARN_UNUSED_FUNCTION = YES;
				GCC_WARN_UNUSED_VARIABLE = YES;
				IPHONEOS_DEPLOYMENT_TARGET = 12.2;
				MTL_ENABLE_DEBUG_INFO = INCLUDE_SOURCE;
				MTL_FAST_MATH = YES;
				ONLY_ACTIVE_ARCH = YES;
				SDKROOT = iphoneos;
				SWIFT_ACTIVE_COMPILATION_CONDITIONS = DEBUG;
				SWIFT_OPTIMIZATION_LEVEL = "-Onone";
			};
			name = Debug;
		};
		C02C21E722A2D9C0003D830B /* Release */ = {
			isa = XCBuildConfiguration;
			buildSettings = {
				ALWAYS_SEARCH_USER_PATHS = NO;
				CLANG_ANALYZER_NONNULL = YES;
				CLANG_ANALYZER_NUMBER_OBJECT_CONVERSION = YES_AGGRESSIVE;
				CLANG_CXX_LANGUAGE_STANDARD = "gnu++14";
				CLANG_CXX_LIBRARY = "libc++";
				CLANG_ENABLE_MODULES = YES;
				CLANG_ENABLE_OBJC_ARC = YES;
				CLANG_ENABLE_OBJC_WEAK = YES;
				CLANG_WARN_BLOCK_CAPTURE_AUTORELEASING = YES;
				CLANG_WARN_BOOL_CONVERSION = YES;
				CLANG_WARN_COMMA = YES;
				CLANG_WARN_CONSTANT_CONVERSION = YES;
				CLANG_WARN_DEPRECATED_OBJC_IMPLEMENTATIONS = YES;
				CLANG_WARN_DIRECT_OBJC_ISA_USAGE = YES_ERROR;
				CLANG_WARN_DOCUMENTATION_COMMENTS = YES;
				CLANG_WARN_EMPTY_BODY = YES;
				CLANG_WARN_ENUM_CONVERSION = YES;
				CLANG_WARN_INFINITE_RECURSION = YES;
				CLANG_WARN_INT_CONVERSION = YES;
				CLANG_WARN_NON_LITERAL_NULL_CONVERSION = YES;
				CLANG_WARN_OBJC_IMPLICIT_RETAIN_SELF = YES;
				CLANG_WARN_OBJC_LITERAL_CONVERSION = YES;
				CLANG_WARN_OBJC_ROOT_CLASS = YES_ERROR;
				CLANG_WARN_RANGE_LOOP_ANALYSIS = YES;
				CLANG_WARN_STRICT_PROTOTYPES = YES;
				CLANG_WARN_SUSPICIOUS_MOVE = YES;
				CLANG_WARN_UNGUARDED_AVAILABILITY = YES_AGGRESSIVE;
				CLANG_WARN_UNREACHABLE_CODE = YES;
				CLANG_WARN__DUPLICATE_METHOD_MATCH = YES;
				CODE_SIGN_IDENTITY = "iPhone Developer";
				COPY_PHASE_STRIP = NO;
				DEBUG_INFORMATION_FORMAT = "dwarf-with-dsym";
				ENABLE_NS_ASSERTIONS = NO;
				ENABLE_STRICT_OBJC_MSGSEND = YES;
				GCC_C_LANGUAGE_STANDARD = gnu11;
				GCC_NO_COMMON_BLOCKS = YES;
				GCC_WARN_64_TO_32_BIT_CONVERSION = YES;
				GCC_WARN_ABOUT_RETURN_TYPE = YES_ERROR;
				GCC_WARN_UNDECLARED_SELECTOR = YES;
				GCC_WARN_UNINITIALIZED_AUTOS = YES_AGGRESSIVE;
				GCC_WARN_UNUSED_FUNCTION = YES;
				GCC_WARN_UNUSED_VARIABLE = YES;
				IPHONEOS_DEPLOYMENT_TARGET = 12.2;
				MTL_ENABLE_DEBUG_INFO = NO;
				MTL_FAST_MATH = YES;
				SDKROOT = iphoneos;
				SWIFT_COMPILATION_MODE = wholemodule;
				SWIFT_OPTIMIZATION_LEVEL = "-O";
				VALIDATE_PRODUCT = YES;
			};
			name = Release;
		};
		C02C21E922A2D9C0003D830B /* Debug */ = {
			isa = XCBuildConfiguration;
			buildSettings = {
				ASSETCATALOG_COMPILER_APPICON_NAME = AppIcon;
				CODE_SIGN_STYLE = Automatic;
				DEVELOPMENT_TEAM = 8M5GPJQ6L5;
				INFOPLIST_FILE = "$(SRCROOT)/Sprint3Challenge-Pokedex/Resources/Info.plist";
				LD_RUNPATH_SEARCH_PATHS = (
					"$(inherited)",
					"@executable_path/Frameworks",
				);
				PRODUCT_BUNDLE_IDENTIFIER = "git.Sprint3Challenge-Pokedex";
				PRODUCT_NAME = "$(TARGET_NAME)";
				SWIFT_VERSION = 5.0;
				TARGETED_DEVICE_FAMILY = "1,2";
			};
			name = Debug;
		};
		C02C21EA22A2D9C0003D830B /* Release */ = {
			isa = XCBuildConfiguration;
			buildSettings = {
				ASSETCATALOG_COMPILER_APPICON_NAME = AppIcon;
				CODE_SIGN_STYLE = Automatic;
				DEVELOPMENT_TEAM = 8M5GPJQ6L5;
				INFOPLIST_FILE = "$(SRCROOT)/Sprint3Challenge-Pokedex/Resources/Info.plist";
				LD_RUNPATH_SEARCH_PATHS = (
					"$(inherited)",
					"@executable_path/Frameworks",
				);
				PRODUCT_BUNDLE_IDENTIFIER = "git.Sprint3Challenge-Pokedex";
				PRODUCT_NAME = "$(TARGET_NAME)";
				SWIFT_VERSION = 5.0;
				TARGETED_DEVICE_FAMILY = "1,2";
			};
			name = Release;
		};
/* End XCBuildConfiguration section */

/* Begin XCConfigurationList section */
		C02C21D122A2D9BD003D830B /* Build configuration list for PBXProject "Sprint3Challenge-Pokedex" */ = {
			isa = XCConfigurationList;
			buildConfigurations = (
				C02C21E622A2D9C0003D830B /* Debug */,
				C02C21E722A2D9C0003D830B /* Release */,
			);
			defaultConfigurationIsVisible = 0;
			defaultConfigurationName = Release;
		};
		C02C21E822A2D9C0003D830B /* Build configuration list for PBXNativeTarget "Sprint3Challenge-Pokedex" */ = {
			isa = XCConfigurationList;
			buildConfigurations = (
				C02C21E922A2D9C0003D830B /* Debug */,
				C02C21EA22A2D9C0003D830B /* Release */,
			);
			defaultConfigurationIsVisible = 0;
			defaultConfigurationName = Release;
		};
/* End XCConfigurationList section */
	};
	rootObject = C02C21CE22A2D9BD003D830B /* Project object */;
}
